{
    "_readme": [
        "This file locks the dependencies of your project to a known state",
        "Read more about it at http://getcomposer.org/doc/01-basic-usage.md#composer-lock-the-lock-file",
        "This file is @generated automatically"
    ],
    "hash": "3f5ed3f108fc8dc0f0c520120eb6d560",
    "packages": [
        {
            "name": "filp/whoops",
            "version": "dev-master",
            "source": {
                "type": "git",
                "url": "https://github.com/filp/whoops.git",
                "reference": "6ad204c4280b0f178ab903047cb684ce66c4954b"
            },
            "dist": {
                "type": "zip",
                "url": "https://api.github.com/repos/filp/whoops/zipball/6ad204c4280b0f178ab903047cb684ce66c4954b",
                "reference": "6ad204c4280b0f178ab903047cb684ce66c4954b",
                "shasum": ""
            },
            "require": {
                "php": ">=5.3.0"
            },
            "require-dev": {
                "mockery/mockery": "0.9.*"
            },
            "type": "library",
            "extra": {
                "branch-alias": {
                    "dev-master": "1.2-dev"
                }
            },
            "autoload": {
                "psr-0": {
                    "Whoops": "src/"
                },
                "classmap": [
                    "src/deprecated"
                ]
            },
            "notification-url": "https://packagist.org/downloads/",
            "license": [
                "MIT"
            ],
            "authors": [
                {
                    "name": "Filipe Dobreira",
                    "homepage": "https://github.com/filp",
                    "role": "Developer"
                }
            ],
            "description": "php error handling for cool kids",
            "homepage": "https://github.com/filp/whoops",
            "keywords": [
                "error",
                "exception",
                "handling",
                "library",
                "silex-provider",
                "whoops",
                "zf2"
            ],
            "time": "2014-08-28 17:38:36"
        },
        {
            "name": "joomla/application",
            "version": "dev-master",
            "source": {
                "type": "git",
                "url": "https://github.com/joomla-framework/application.git",
                "reference": "dda43fd39603d18ac7a53093bd8b89d07ef5e613"
            },
            "dist": {
                "type": "zip",
                "url": "https://api.github.com/repos/joomla-framework/application/zipball/dda43fd39603d18ac7a53093bd8b89d07ef5e613",
                "reference": "dda43fd39603d18ac7a53093bd8b89d07ef5e613",
                "shasum": ""
            },
            "require": {
                "joomla/input": "~1.1.1",
                "joomla/registry": "~1.1",
                "joomla/session": "~1.1",
                "joomla/string": "~1.1",
                "joomla/uri": "~1.1",
                "php": ">=5.3.10",
                "psr/log": "~1.0"
            },
            "require-dev": {
                "joomla/test": "~1.1",
                "phpunit/phpunit": "4.*",
                "squizlabs/php_codesniffer": "1.*"
            },
            "type": "joomla-package",
            "extra": {
                "branch-alias": {
                    "dev-master": "1.x-dev"
                }
            },
            "autoload": {
                "psr-4": {
                    "Joomla\\Application\\": "src/",
                    "Joomla\\Application\\Tests\\": "Tests/"
                }
            },
            "notification-url": "https://packagist.org/downloads/",
            "license": [
                "GPL-2.0+"
            ],
            "description": "Joomla Application Package",
            "homepage": "https://github.com/joomla-framework/application",
            "keywords": [
                "application",
                "framework",
                "joomla"
            ],
            "time": "2014-09-02 12:27:00"
        },
        {
            "name": "joomla/compat",
            "version": "1.1.1",
            "source": {
                "type": "git",
                "url": "https://github.com/joomla-framework/compat.git",
                "reference": "92ba45e9cfdca4c912691bf04ef13e0c03660348"
            },
            "dist": {
                "type": "zip",
                "url": "https://api.github.com/repos/joomla-framework/compat/zipball/92ba45e9cfdca4c912691bf04ef13e0c03660348",
                "reference": "92ba45e9cfdca4c912691bf04ef13e0c03660348",
                "shasum": ""
            },
            "require": {
                "php": ">=5.3.10"
            },
            "type": "joomla-package",
            "autoload": {
                "classmap": [
                    "src/JsonSerializable.php"
                ]
            },
            "notification-url": "https://packagist.org/downloads/",
            "license": [
                "GPL-2.0+"
            ],
            "description": "Joomla Compat Package",
            "homepage": "https://github.com/joomla-framework/compat",
            "keywords": [
                "compat",
                "framework",
                "joomla"
            ],
            "time": "2014-02-09 19:29:20"
        },
        {
            "name": "joomla/controller",
            "version": "dev-master",
            "source": {
                "type": "git",
                "url": "https://github.com/joomla-framework/controller.git",
                "reference": "fbf8946e176fe4f7d417113b924f3adaf1eef58e"
            },
            "dist": {
                "type": "zip",
                "url": "https://api.github.com/repos/joomla-framework/controller/zipball/fbf8946e176fe4f7d417113b924f3adaf1eef58e",
                "reference": "fbf8946e176fe4f7d417113b924f3adaf1eef58e",
                "shasum": ""
            },
            "require": {
                "php": ">=5.3.10"
            },
            "require-dev": {
                "joomla/application": "~1.0",
                "joomla/input": "~1.0",
                "joomla/test": "~1.0",
                "phpunit/phpunit": "4.*",
                "squizlabs/php_codesniffer": "1.*"
            },
            "suggest": {
                "joomla/application": "~1.0",
                "joomla/input": "~1.0"
            },
            "type": "joomla-package",
            "extra": {
                "branch-alias": {
                    "dev-master": "1.x-dev"
                }
            },
            "autoload": {
                "psr-4": {
                    "Joomla\\Controller\\": "src/",
                    "Joomla\\Controller\\Tests\\": "Tests/"
                }
            },
            "notification-url": "https://packagist.org/downloads/",
            "license": [
                "GPL-2.0+"
            ],
            "description": "Joomla Controller Package",
            "homepage": "https://github.com/joomla-framework/controller",
            "keywords": [
                "controller",
                "framework",
                "joomla"
            ],
            "time": "2014-09-01 01:37:42"
        },
        {
            "name": "joomla/crypt",
            "version": "dev-1.x-dev",
            "target-dir": "Joomla/Crypt",
            "source": {
                "type": "git",
                "url": "https://github.com/joomla-framework/crypt.git",
                "reference": "35c8d66f084be0e7ef5407409fc2054e0de8cefa"
            },
            "dist": {
                "type": "zip",
                "url": "https://api.github.com/repos/joomla-framework/crypt/zipball/35c8d66f084be0e7ef5407409fc2054e0de8cefa",
                "reference": "35c8d66f084be0e7ef5407409fc2054e0de8cefa",
                "shasum": ""
            },
            "require": {
                "php": ">=5.3.10"
            },
            "type": "joomla-package",
            "extra": {
                "branch-alias": {
                    "dev-1.x-dev": "1.x-dev"
                }
            },
            "autoload": {
                "psr-0": {
                    "Joomla\\Crypt": ""
                }
            },
            "notification-url": "https://packagist.org/downloads/",
            "license": [
                "GPL-2.0+"
            ],
            "description": "Joomla Crypt Package",
            "homepage": "https://github.com/joomla-framework/crypt",
            "keywords": [
                "crypt",
                "framework",
                "joomla"
            ],
            "time": "2014-08-21 14:08:03"
        },
        {
            "name": "joomla/database",
            "version": "dev-master",
            "source": {
                "type": "git",
                "url": "https://github.com/joomla-framework/database.git",
                "reference": "bad8825c32de50430884b96a059515a45c034fbd"
            },
            "dist": {
                "type": "zip",
                "url": "https://api.github.com/repos/joomla-framework/database/zipball/bad8825c32de50430884b96a059515a45c034fbd",
                "reference": "bad8825c32de50430884b96a059515a45c034fbd",
                "shasum": ""
            },
            "require": {
                "php": ">=5.3.10",
                "psr/log": "~1.0"
            },
            "require-dev": {
                "joomla/test": "~1.0",
                "phpunit/dbunit": "~1.2",
                "phpunit/phpunit": "4.*",
                "squizlabs/php_codesniffer": "1.*"
            },
            "type": "joomla-package",
            "extra": {
                "branch-alias": {
                    "dev-master": "1.x-dev"
                }
            },
            "autoload": {
                "psr-4": {
                    "Joomla\\Database\\": "src/",
                    "Joomla\\Database\\Tests\\": "Tests/"
                }
            },
            "notification-url": "https://packagist.org/downloads/",
            "license": [
                "GPL-2.0+"
            ],
            "description": "Joomla Database Package",
            "homepage": "https://github.com/joomla-framework/database",
            "keywords": [
                "database",
                "framework",
                "joomla"
            ],
            "time": "2014-09-04 02:55:42"
        },
        {
            "name": "joomla/date",
            "version": "1.1.1",
            "source": {
                "type": "git",
                "url": "https://github.com/joomla-framework/date.git",
                "reference": "b985dc1a4ed41ea14c90fc09347c6bb44470aeaa"
            },
            "dist": {
                "type": "zip",
                "url": "https://api.github.com/repos/joomla-framework/date/zipball/b985dc1a4ed41ea14c90fc09347c6bb44470aeaa",
                "reference": "b985dc1a4ed41ea14c90fc09347c6bb44470aeaa",
                "shasum": ""
            },
            "require": {
                "php": ">=5.3.10"
            },
            "type": "joomla-package",
            "autoload": {
                "psr-4": {
                    "Joomla\\Date\\": "src/",
                    "Joomla\\Date\\Tests\\": "Tests/"
                }
            },
            "notification-url": "https://packagist.org/downloads/",
            "license": [
                "GPL-2.0+"
            ],
            "description": "Joomla Date Package",
            "homepage": "https://github.com/joomla-framework/date",
            "keywords": [
                "date",
                "framework",
                "joomla"
            ],
            "time": "2014-02-09 01:27:57"
        },
        {
            "name": "joomla/event",
            "version": "dev-master",
            "source": {
                "type": "git",
                "url": "https://github.com/joomla-framework/event.git",
                "reference": "31031048afdbc7e41c4abf3cb66089d22f482b7f"
            },
            "dist": {
                "type": "zip",
                "url": "https://api.github.com/repos/joomla-framework/event/zipball/31031048afdbc7e41c4abf3cb66089d22f482b7f",
                "reference": "31031048afdbc7e41c4abf3cb66089d22f482b7f",
                "shasum": ""
            },
            "require": {
                "php": ">=5.3.10"
            },
            "require-dev": {
                "phpunit/phpunit": "4.*",
                "squizlabs/php_codesniffer": "1.*"
            },
            "type": "joomla-package",
            "extra": {
                "branch-alias": {
                    "dev-master": "1.x-dev"
                }
            },
            "autoload": {
                "psr-4": {
                    "Joomla\\Event\\": "src/",
                    "Joomla\\Event\\Tests\\": "Tests/"
                }
            },
            "notification-url": "https://packagist.org/downloads/",
            "license": [
                "GPL-2.0+"
            ],
            "description": "Joomla Event Package",
            "homepage": "https://github.com/joomla-framework/event",
            "keywords": [
                "event",
                "framework",
                "joomla"
            ],
            "time": "2014-09-01 01:47:26"
        },
        {
            "name": "joomla/filesystem",
            "version": "dev-master",
            "source": {
                "type": "git",
                "url": "https://github.com/joomla-framework/filesystem.git",
                "reference": "ae03a09c35e1aaf8e6ec30c19f3b085eafd698c5"
            },
            "dist": {
                "type": "zip",
                "url": "https://api.github.com/repos/joomla-framework/filesystem/zipball/ae03a09c35e1aaf8e6ec30c19f3b085eafd698c5",
                "reference": "ae03a09c35e1aaf8e6ec30c19f3b085eafd698c5",
                "shasum": ""
            },
            "require": {
                "php": ">=5.3.10"
            },
            "require-dev": {
                "phpunit/phpunit": "4.*",
                "squizlabs/php_codesniffer": "1.*"
            },
            "type": "joomla-package",
            "extra": {
                "branch-alias": {
                    "dev-master": "1.x-dev"
                }
            },
            "autoload": {
                "psr-4": {
                    "Joomla\\Filesystem\\": "src/",
                    "Joomla\\Filesystem\\Tests\\": "Tests/"
                }
            },
            "notification-url": "https://packagist.org/downloads/",
            "license": [
                "GPL-2.0+"
            ],
            "description": "Joomla Filesystem Package",
            "homepage": "https://github.com/joomla/joomla-framework-filesystem",
            "keywords": [
                "filesystem",
                "framework",
                "joomla"
            ],
            "time": "2014-09-01 01:50:51"
        },
        {
            "name": "joomla/filter",
            "version": "dev-master",
            "source": {
                "type": "git",
                "url": "https://github.com/joomla-framework/filter.git",
                "reference": "2f9618f8df410e51f6cd457203b8e20a5e4933bd"
            },
            "dist": {
                "type": "zip",
                "url": "https://api.github.com/repos/joomla-framework/filter/zipball/2f9618f8df410e51f6cd457203b8e20a5e4933bd",
                "reference": "2f9618f8df410e51f6cd457203b8e20a5e4933bd",
                "shasum": ""
            },
            "require": {
                "joomla/string": "~1.0",
                "php": ">=5.3.10"
            },
            "require-dev": {
                "joomla/language": "~1.0",
                "phpunit/phpunit": "4.*",
                "squizlabs/php_codesniffer": "1.*"
            },
            "suggest": {
                "joomla/language": "Required only if you want to use `OutputFilter::stringURLSafe`."
            },
            "type": "joomla-package",
            "extra": {
                "branch-alias": {
                    "dev-master": "1.x-dev"
                }
            },
            "autoload": {
                "psr-4": {
                    "Joomla\\Filter\\": "src/",
                    "Joomla\\Filter\\Tests\\": "Tests/"
                }
            },
            "notification-url": "https://packagist.org/downloads/",
            "license": [
                "GPL-2.0+"
            ],
            "description": "Joomla Filter Package",
            "homepage": "https://github.com/joomla-framework/filter",
            "keywords": [
                "filter",
                "framework",
                "joomla"
            ],
            "time": "2014-09-01 01:52:44"
        },
        {
            "name": "joomla/image",
            "version": "dev-master",
            "source": {
                "type": "git",
                "url": "https://github.com/joomla-framework/image.git",
                "reference": "35fec0877bc7996a45545733d6811527231b28b8"
            },
            "dist": {
                "type": "zip",
                "url": "https://api.github.com/repos/joomla-framework/image/zipball/35fec0877bc7996a45545733d6811527231b28b8",
                "reference": "35fec0877bc7996a45545733d6811527231b28b8",
                "shasum": ""
            },
            "require": {
                "ext-gd": "*",
                "php": ">=5.3.10",
                "psr/log": "~1.0"
            },
            "require-dev": {
                "joomla/test": "~1.0",
                "phpunit/phpunit": "4.*",
                "squizlabs/php_codesniffer": "1.*"
            },
            "type": "joomla-package",
            "extra": {
                "branch-alias": {
                    "dev-master": "1.x-dev"
                }
            },
            "autoload": {
                "psr-4": {
                    "Joomla\\Image\\": "src/",
                    "Joomla\\Image\\Tests\\": "Tests/"
                }
            },
            "notification-url": "https://packagist.org/downloads/",
            "license": [
                "GPL-2.0+"
            ],
            "description": "Joomla Image Package",
            "homepage": "https://github.com/joomla-framework/image",
            "keywords": [
                "framework",
                "image",
                "joomla"
            ],
            "time": "2014-09-01 01:59:39"
        },
        {
            "name": "joomla/input",
            "version": "1.1.4",
            "source": {
                "type": "git",
                "url": "https://github.com/joomla-framework/input.git",
                "reference": "8f6ea1ce7ba13d372725aa6c61b641903d1aa015"
            },
            "dist": {
                "type": "zip",
                "url": "https://api.github.com/repos/joomla-framework/input/zipball/8f6ea1ce7ba13d372725aa6c61b641903d1aa015",
                "reference": "8f6ea1ce7ba13d372725aa6c61b641903d1aa015",
                "shasum": ""
            },
            "require": {
                "joomla/filter": "~1.0",
                "php": ">=5.3.10"
            },
            "require-dev": {
                "joomla/test": "~1.0"
            },
            "type": "joomla-package",
            "autoload": {
                "psr-4": {
                    "Joomla\\Input\\": "src/",
                    "Joomla\\Input\\Tests\\": "Tests/"
                }
            },
            "notification-url": "https://packagist.org/downloads/",
            "license": [
                "GPL-2.0+"
            ],
            "description": "Joomla Input Package",
            "homepage": "https://github.com/joomla-framework/input",
            "keywords": [
                "framework",
                "input",
                "joomla"
            ],
            "time": "2014-08-23 19:16:46"
        },
        {
            "name": "joomla/language",
            "version": "dev-master",
            "source": {
                "type": "git",
                "url": "https://github.com/joomla-framework/language.git",
                "reference": "62d1090a3e8fc064b420ba8a9604bbb85c0fb478"
            },
            "dist": {
                "type": "zip",
                "url": "https://api.github.com/repos/joomla-framework/language/zipball/62d1090a3e8fc064b420ba8a9604bbb85c0fb478",
                "reference": "62d1090a3e8fc064b420ba8a9604bbb85c0fb478",
                "shasum": ""
            },
            "require": {
                "joomla/string": "~1.0",
                "php": ">=5.3.10"
            },
            "require-dev": {
                "joomla/filesystem": "~1.0",
                "joomla/test": "~1.0",
                "phpunit/phpunit": "4.*",
                "squizlabs/php_codesniffer": "1.*"
            },
            "type": "joomla-package",
            "extra": {
                "branch-alias": {
                    "dev-master": "1.x-dev"
                }
            },
            "autoload": {
                "psr-4": {
                    "Joomla\\Language\\": "src/",
                    "Joomla\\Language\\Tests\\": "Tests/"
                }
            },
            "notification-url": "https://packagist.org/downloads/",
            "license": [
                "GPL-2.0+"
            ],
            "description": "Joomla Language Package",
            "homepage": "https://github.com/joomla-framework/language",
            "keywords": [
                "framework",
                "joomla",
                "language"
            ],
            "time": "2014-09-01 02:04:17"
        },
        {
            "name": "joomla/model",
            "version": "dev-master",
            "source": {
                "type": "git",
                "url": "https://github.com/joomla-framework/model.git",
                "reference": "d495aa88e33b964ecc94ed8636be590e5084b8f5"
            },
            "dist": {
                "type": "zip",
                "url": "https://api.github.com/repos/joomla-framework/model/zipball/d495aa88e33b964ecc94ed8636be590e5084b8f5",
                "reference": "d495aa88e33b964ecc94ed8636be590e5084b8f5",
                "shasum": ""
            },
            "require": {
                "joomla/database": "~1.0",
                "joomla/registry": "~1.0",
                "php": ">=5.3.10"
            },
            "require-dev": {
                "joomla/test": "~1.0",
                "phpunit/phpunit": "4.*",
                "squizlabs/php_codesniffer": "1.*"
            },
            "type": "joomla-package",
            "extra": {
                "branch-alias": {
                    "dev-master": "1.x-dev"
                }
            },
            "autoload": {
                "psr-4": {
                    "Joomla\\Model\\": "src/",
                    "Joomla\\Model\\Tests\\": "Tests/"
                }
            },
            "notification-url": "https://packagist.org/downloads/",
            "license": [
                "GPL-2.0+"
            ],
            "description": "Joomla Model Package",
            "homepage": "https://github.com/joomla-framework/model",
            "keywords": [
                "framework",
                "joomla",
                "model"
            ],
            "time": "2014-09-01 02:08:45"
        },
        {
            "name": "joomla/registry",
            "version": "dev-master",
            "source": {
                "type": "git",
                "url": "https://github.com/joomla-framework/registry.git",
                "reference": "3a8b7837f9466df8e9ad568da31b303e470f3eaa"
            },
            "dist": {
                "type": "zip",
                "url": "https://api.github.com/repos/joomla-framework/registry/zipball/3a8b7837f9466df8e9ad568da31b303e470f3eaa",
                "reference": "3a8b7837f9466df8e9ad568da31b303e470f3eaa",
                "shasum": ""
            },
            "require": {
                "joomla/compat": "~1.0",
                "joomla/string": "~1.2",
                "joomla/utilities": "~1.0",
                "php": ">=5.3.10"
            },
            "require-dev": {
                "joomla/test": "~1.0",
                "phpunit/phpunit": "4.*",
                "squizlabs/php_codesniffer": "1.*",
                "symfony/yaml": "~2.0"
            },
            "suggest": {
                "symfony/yaml": "Install 2.* if you require YAML support."
            },
            "type": "joomla-package",
            "extra": {
                "branch-alias": {
                    "dev-master": "1.x-dev"
                }
            },
            "autoload": {
                "psr-4": {
                    "Joomla\\Registry\\": "src/",
                    "Joomla\\Registry\\Tests\\": "Tests/"
                }
            },
            "notification-url": "https://packagist.org/downloads/",
            "license": [
                "GPL-2.0+"
            ],
            "description": "Joomla Registry Package",
            "homepage": "https://github.com/joomla-framework/registry",
            "keywords": [
                "framework",
                "joomla",
                "registry"
            ],
            "time": "2014-09-03 16:09:19"
        },
        {
            "name": "joomla/router",
            "version": "dev-master",
            "source": {
                "type": "git",
                "url": "https://github.com/joomla-framework/router.git",
                "reference": "1374334a0b7190284755b744515eb99fe59fc978"
            },
            "dist": {
                "type": "zip",
                "url": "https://api.github.com/repos/joomla-framework/router/zipball/1374334a0b7190284755b744515eb99fe59fc978",
                "reference": "1374334a0b7190284755b744515eb99fe59fc978",
                "shasum": ""
            },
            "require": {
                "joomla/controller": "~1.0",
                "joomla/input": "~1.0",
                "php": ">=5.3.10"
            },
            "require-dev": {
                "joomla/test": "~1.0",
                "phpunit/phpunit": "4.*",
                "squizlabs/php_codesniffer": "1.*"
            },
            "type": "joomla-package",
            "extra": {
                "branch-alias": {
                    "dev-master": "1.x-dev"
                }
            },
            "autoload": {
                "psr-4": {
                    "Joomla\\Router\\": "src/",
                    "Joomla\\Router\\Tests\\": "Tests/"
                }
            },
            "notification-url": "https://packagist.org/downloads/",
            "license": [
                "GPL-2.0+"
            ],
            "description": "Joomla Router Package",
            "homepage": "https://github.com/joomla-framework/router",
            "keywords": [
                "framework",
                "joomla",
                "router"
            ],
            "time": "2014-09-01 02:17:33"
        },
        {
            "name": "joomla/session",
            "version": "1.2.3",
            "target-dir": "Joomla/Session",
            "source": {
                "type": "git",
                "url": "https://github.com/joomla-framework/session.git",
                "reference": "ef955cf9642793c4ad5874f334069051c33ba604"
            },
            "dist": {
                "type": "zip",
                "url": "https://api.github.com/repos/joomla-framework/session/zipball/ef955cf9642793c4ad5874f334069051c33ba604",
                "reference": "ef955cf9642793c4ad5874f334069051c33ba604",
                "shasum": ""
            },
            "require": {
                "joomla/event": "~1.1",
                "joomla/filter": "~1.0",
                "php": ">=5.3.10"
            },
            "require-dev": {
                "joomla/test": "~1.0"
            },
            "suggest": {
                "joomla/database": "Install joomla/database if you want to use Database session storage."
            },
            "type": "joomla-package",
            "autoload": {
                "psr-0": {
                    "Joomla\\Session": ""
                }
            },
            "notification-url": "https://packagist.org/downloads/",
            "license": [
                "GPL-2.0+"
            ],
            "description": "Joomla Session Package",
            "homepage": "https://github.com/joomla-framework/session",
            "keywords": [
                "framework",
                "joomla",
                "session"
            ],
            "time": "2014-08-18 17:41:06"
        },
        {
            "name": "joomla/string",
            "version": "dev-master",
            "source": {
                "type": "git",
                "url": "https://github.com/joomla-framework/string.git",
                "reference": "7c10c093ceae7e5a0a1002fe12e4dcf83ca386ec"
            },
            "dist": {
                "type": "zip",
                "url": "https://api.github.com/repos/joomla-framework/string/zipball/7c10c093ceae7e5a0a1002fe12e4dcf83ca386ec",
                "reference": "7c10c093ceae7e5a0a1002fe12e4dcf83ca386ec",
                "shasum": ""
            },
            "require": {
                "php": ">=5.3.10"
            },
            "require-dev": {
                "joomla/test": "~1.0",
                "phpunit/phpunit": "4.*",
                "squizlabs/php_codesniffer": "1.*"
            },
            "type": "joomla-package",
            "extra": {
                "branch-alias": {
                    "dev-master": "1.x-dev"
                }
            },
            "autoload": {
                "psr-4": {
                    "Joomla\\String\\": "src/",
                    "Joomla\\String\\Tests\\": "Tests/"
                }
            },
            "notification-url": "https://packagist.org/downloads/",
            "license": [
                "GPL-2.0+"
            ],
            "description": "Joomla String Package",
            "homepage": "https://github.com/joomla-framework/string",
            "keywords": [
                "framework",
                "joomla",
                "string"
            ],
            "time": "2014-09-01 02:25:33"
        },
        {
            "name": "joomla/uri",
            "version": "dev-master",
            "source": {
                "type": "git",
                "url": "https://github.com/joomla-framework/uri.git",
                "reference": "c955ddfb396752fb87b3275db9c1d66effa4262c"
            },
            "dist": {
                "type": "zip",
                "url": "https://api.github.com/repos/joomla-framework/uri/zipball/c955ddfb396752fb87b3275db9c1d66effa4262c",
                "reference": "c955ddfb396752fb87b3275db9c1d66effa4262c",
                "shasum": ""
            },
            "require": {
                "php": ">=5.3.10"
            },
            "require-dev": {
                "joomla/test": "~1.0",
                "phpunit/phpunit": "4.*",
                "squizlabs/php_codesniffer": "1.*"
            },
            "type": "joomla-package",
            "extra": {
                "branch-alias": {
                    "dev-master": "1.x-dev"
                }
            },
            "autoload": {
                "psr-4": {
                    "Joomla\\Uri\\": "src/",
                    "Joomla\\Uri\\Tests\\": "Tests/"
                }
            },
            "notification-url": "https://packagist.org/downloads/",
            "license": [
                "GPL-2.0+"
            ],
            "description": "Joomla Uri Package",
            "homepage": "https://github.com/joomla-framework/uri",
            "keywords": [
                "framework",
                "joomla",
                "uri"
            ],
            "time": "2014-09-01 03:05:41"
        },
        {
            "name": "joomla/utilities",
            "version": "dev-master",
            "source": {
                "type": "git",
                "url": "https://github.com/joomla-framework/utilities.git",
                "reference": "f749a9bd6f2fc5ad376687651478273dac105051"
            },
            "dist": {
                "type": "zip",
                "url": "https://api.github.com/repos/joomla-framework/utilities/zipball/f749a9bd6f2fc5ad376687651478273dac105051",
                "reference": "f749a9bd6f2fc5ad376687651478273dac105051",
                "shasum": ""
            },
            "require": {
                "joomla/string": "~1.0",
                "php": ">=5.3.10"
            },
            "require-dev": {
                "phpunit/phpunit": "4.*",
                "squizlabs/php_codesniffer": "1.*"
            },
            "type": "joomla-package",
            "extra": {
                "branch-alias": {
                    "dev-master": "1.x-dev"
                }
            },
            "autoload": {
                "psr-4": {
                    "Joomla\\Utilities\\": "src/",
                    "Joomla\\Utilities\\Tests\\": "Tests/"
                }
            },
            "notification-url": "https://packagist.org/downloads/",
            "license": [
                "GPL-2.0+"
            ],
            "description": "Joomla Utilities Package",
            "homepage": "https://github.com/joomla-framework/utilities",
            "keywords": [
                "framework",
                "joomla",
                "utilities"
            ],
            "time": "2014-09-03 21:44:44"
        },
        {
            "name": "joomla/view",
            "version": "dev-master",
            "source": {
                "type": "git",
                "url": "https://github.com/joomla-framework/view.git",
                "reference": "2254fec4b1a11d2dfd0fe9dd096b263194583d22"
            },
            "dist": {
                "type": "zip",
                "url": "https://api.github.com/repos/joomla-framework/view/zipball/2254fec4b1a11d2dfd0fe9dd096b263194583d22",
                "reference": "2254fec4b1a11d2dfd0fe9dd096b263194583d22",
                "shasum": ""
            },
            "require": {
                "joomla/filesystem": "~1.0",
                "joomla/model": "~1.0",
                "php": ">=5.3.10"
            },
            "require-dev": {
                "joomla/test": "~1.0",
                "phpunit/phpunit": "4.*",
                "squizlabs/php_codesniffer": "1.*"
            },
            "type": "joomla-package",
            "extra": {
                "branch-alias": {
                    "dev-master": "1.x-dev"
                }
            },
            "autoload": {
                "psr-4": {
                    "Joomla\\View\\": "src/",
                    "Joomla\\View\\Tests\\": "Tests/"
                }
            },
            "notification-url": "https://packagist.org/downloads/",
            "license": [
                "GPL-2.0+"
            ],
            "description": "Joomla View Package",
            "homepage": "https://github.com/joomla-framework/view",
            "keywords": [
                "framework",
                "joomla",
                "view"
            ],
            "time": "2014-09-01 02:30:31"
        },
        {
            "name": "league/di",
            "version": "1.2.0",
            "source": {
                "type": "git",
                "url": "https://github.com/thephpleague/di.git",
                "reference": "ad0259589949f12abeae6c1e918a0ff7ef00b00a"
            },
            "dist": {
                "type": "zip",
                "url": "https://api.github.com/repos/thephpleague/di/zipball/ad0259589949f12abeae6c1e918a0ff7ef00b00a",
                "reference": "ad0259589949f12abeae6c1e918a0ff7ef00b00a",
                "shasum": ""
            },
            "require": {
                "php": ">=5.3.0"
            },
            "require-dev": {
                "league/phpunit-coverage-listener": "~1.0"
            },
            "type": "library",
            "autoload": {
                "psr-0": {
                    "League\\Di\\": [
                        "src/",
                        "test/"
                    ]
                }
            },
            "notification-url": "https://packagist.org/downloads/",
            "license": [
                "MIT"
            ],
            "authors": [
                {
                    "name": "Don Gilbert",
                    "email": "don@dongilbert.net",
                    "homepage": "http://dongilbert.net",
                    "role": "Developer"
                }
            ],
            "description": "Fast Dependency Injection Container for PHP 5.3+",
            "homepage": "https://github.com/php-loep/di",
            "keywords": [
                "dependency injection",
                "dic",
                "ioc"
            ],
            "time": "2013-08-04 22:55:53"
        },
        {
            "name": "psr/log",
            "version": "dev-master",
            "source": {
                "type": "git",
                "url": "https://github.com/php-fig/log.git",
                "reference": "a78d6504ff5d4367497785ab2ade91db3a9fbe11"
            },
            "dist": {
                "type": "zip",
                "url": "https://api.github.com/repos/php-fig/log/zipball/a78d6504ff5d4367497785ab2ade91db3a9fbe11",
                "reference": "a78d6504ff5d4367497785ab2ade91db3a9fbe11",
                "shasum": ""
            },
            "type": "library",
            "extra": {
                "branch-alias": {
                    "dev-master": "1.0.x-dev"
                }
            },
            "autoload": {
                "psr-0": {
                    "Psr\\Log\\": ""
                }
            },
            "notification-url": "https://packagist.org/downloads/",
            "license": [
                "MIT"
            ],
            "authors": [
                {
                    "name": "PHP-FIG",
                    "homepage": "http://www.php-fig.org/"
                }
            ],
            "description": "Common interface for logging libraries",
            "keywords": [
                "log",
                "psr",
                "psr-3"
            ],
            "time": "2014-01-18 15:33:09"
        },
        {
            "name": "symfony/http-foundation",
            "version": "v2.3.19",
            "target-dir": "Symfony/Component/HttpFoundation",
            "source": {
                "type": "git",
                "url": "https://github.com/symfony/HttpFoundation.git",
                "reference": "d0125fed988da9e189864c2e6de967b3ee7f1d98"
            },
            "dist": {
                "type": "zip",
                "url": "https://api.github.com/repos/symfony/HttpFoundation/zipball/d0125fed988da9e189864c2e6de967b3ee7f1d98",
                "reference": "d0125fed988da9e189864c2e6de967b3ee7f1d98",
                "shasum": ""
            },
            "require": {
                "php": ">=5.3.3"
            },
            "type": "library",
            "extra": {
                "branch-alias": {
                    "dev-master": "2.3-dev"
                }
            },
            "autoload": {
                "psr-0": {
                    "Symfony\\Component\\HttpFoundation\\": ""
                },
                "classmap": [
                    "Symfony/Component/HttpFoundation/Resources/stubs"
                ]
            },
            "notification-url": "https://packagist.org/downloads/",
            "license": [
                "MIT"
            ],
            "authors": [
                {
                    "name": "Symfony Community",
                    "homepage": "http://symfony.com/contributors"
                },
                {
                    "name": "Fabien Potencier",
                    "email": "fabien@symfony.com"
                }
            ],
            "description": "Symfony HttpFoundation Component",
            "homepage": "http://symfony.com",
            "time": "2014-09-03 07:39:11"
        },
        {
            "name": "tracy/tracy",
            "version": "v2.2.3",
            "source": {
                "type": "git",
                "url": "https://github.com/nette/tracy.git",
                "reference": "97889d2b8cfb7607cc370ca0ddb97c6f5b43deb9"
            },
            "dist": {
                "type": "zip",
                "url": "https://api.github.com/repos/nette/tracy/zipball/97889d2b8cfb7607cc370ca0ddb97c6f5b43deb9",
                "reference": "97889d2b8cfb7607cc370ca0ddb97c6f5b43deb9",
                "shasum": ""
            },
            "require": {
                "php": ">=5.3.1"
            },
            "require-dev": {
                "nette/tester": "~1.0"
            },
            "type": "library",
            "autoload": {
                "classmap": [
                    "src/Tracy"
                ],
                "files": [
                    "src/shortcuts.php"
                ]
            },
            "notification-url": "https://packagist.org/downloads/",
            "license": [
                "BSD-3-Clause",
                "GPL-2.0",
                "GPL-3.0"
            ],
            "authors": [
                {
                    "name": "David Grudl",
                    "homepage": "http://davidgrudl.com"
                },
                {
                    "name": "Nette Community",
                    "homepage": "http://nette.org/contributors"
                }
            ],
            "description": "Tracy: useful PHP debugger",
            "homepage": "http://tracy.nette.org",
            "keywords": [
                "debug",
                "debugger",
                "nette"
            ],
            "time": "2014-08-24 23:36:30"
        }
    ],
    "packages-dev": [],
    "aliases": [],
    "minimum-stability": "dev",
    "stability-flags": {
        "symfony/http-foundation": 0
    },
    "prefer-stable": false,
    "platform": {
        "php": ">=5.3.10"
    },
    "platform-dev": []
}
